
Microsoft Visual Studio Solution File, Format Version 12.00
# Visual Studio 15
VisualStudioVersion = 15.0.27703.2026
MinimumVisualStudioVersion = 10.0.40219.1
Project("{FAE04EC0-301F-11D3-BF4B-00C04F79EFBC}") = "WirtualnyPoetaApp1", "WirtualnyPoetaApp1\WirtualnyPoetaApp1.csproj", "{9292F498-E5A5-4BD9-9E9D-FB668044D855}"
EndProject
Global
	GlobalSection(SolutionConfigurationPlatforms) = preSolution
		Debug|Any CPU = Debug|Any CPU
		Release|Any CPU = Release|Any CPU
	EndGlobalSection
	GlobalSection(ProjectConfigurationPlatforms) = postSolution
		{9292F498-E5A5-4BD9-9E9D-FB668044D855}.Debug|Any CPU.ActiveCfg = Debug|Any CPU
		{9292F498-E5A5-4BD9-9E9D-FB668044D855}.Debug|Any CPU.Build.0 = Debug|Any CPU
		{9292F498-E5A5-4BD9-9E9D-FB668044D855}.Release|Any CPU.ActiveCfg = Release|Any CPU
		{9292F498-E5A5-4BD9-9E9D-FB668044D855}.Release|Any CPU.Build.0 = Release|Any CPU
	EndGlobalSection
	GlobalSection(SolutionProperties) = preSolution
		HideSolutionNode = FALSE
	EndGlobalSection
	GlobalSection(ExtensibilityGlobals) = postSolution
		SolutionGuid = {7DBA2A45-49FB-417E-B642-358F3285E8DD}
	EndGlobalSection
EndGlobal
